
Microsoft Visual Studio Solution File, Format Version 12.00
# Visual Studio Version 16
VisualStudioVersion = 16.0.31702.278
MinimumVisualStudioVersion = 10.0.40219.1
Project("{FAE04EC0-301F-11D3-BF4B-00C04F79EFBC}") = "Graf_Redactor", "Graf_Redactor\Graf_Redactor.csproj", "{5F78EB45-8BB4-40A9-9ACE-7C2865366A9F}"
EndProject
Global
	GlobalSection(SolutionConfigurationPlatforms) = preSolution
		Debug|Any CPU = Debug|Any CPU
		Release|Any CPU = Release|Any CPU
	EndGlobalSection
	GlobalSection(ProjectConfigurationPlatforms) = postSolution
		{5F78EB45-8BB4-40A9-9ACE-7C2865366A9F}.Debug|Any CPU.ActiveCfg = Debug|Any CPU
		{5F78EB45-8BB4-40A9-9ACE-7C2865366A9F}.Debug|Any CPU.Build.0 = Debug|Any CPU
		{5F78EB45-8BB4-40A9-9ACE-7C2865366A9F}.Release|Any CPU.ActiveCfg = Release|Any CPU
		{5F78EB45-8BB4-40A9-9ACE-7C2865366A9F}.Release|Any CPU.Build.0 = Release|Any CPU
	EndGlobalSection
	GlobalSection(SolutionProperties) = preSolution
		HideSolutionNode = FALSE
	EndGlobalSection
	GlobalSection(ExtensibilityGlobals) = postSolution
		SolutionGuid = {E4F1B518-03B8-4B06-AC79-38A0A516E672}
	EndGlobalSection
EndGlobal
